
Microsoft Visual Studio Solution File, Format Version 12.00
# Visual Studio 15
VisualStudioVersion = 15.0.27703.2047
MinimumVisualStudioVersion = 10.0.40219.1
Project("{8BC9CEB8-8B4A-11D0-8D11-00A0C91BC942}") = "quadramatrix", "quadramatrix\quadramatrix.vcxproj", "{00D63A96-28E6-4767-BC70-15CABBC6BE50}"
EndProject
Project("{8BC9CEB8-8B4A-11D0-8D11-00A0C91BC942}") = "diagonal", "diagonal\diagonal.vcxproj", "{349AD8BC-E4A9-451E-8342-C7973AD4FB9C}"
EndProject
Project("{8BC9CEB8-8B4A-11D0-8D11-00A0C91BC942}") = "transponirana", "transponirana\transponirana.vcxproj", "{9A5EF1C8-66B8-4684-86D1-2AA72085ED75}"
EndProject
Global
	GlobalSection(SolutionConfigurationPlatforms) = preSolution
		Debug|x64 = Debug|x64
		Debug|x86 = Debug|x86
		Release|x64 = Release|x64
		Release|x86 = Release|x86
	EndGlobalSection
	GlobalSection(ProjectConfigurationPlatforms) = postSolution
		{00D63A96-28E6-4767-BC70-15CABBC6BE50}.Debug|x64.ActiveCfg = Debug|x64
		{00D63A96-28E6-4767-BC70-15CABBC6BE50}.Debug|x64.Build.0 = Debug|x64
		{00D63A96-28E6-4767-BC70-15CABBC6BE50}.Debug|x86.ActiveCfg = Debug|Win32
		{00D63A96-28E6-4767-BC70-15CABBC6BE50}.Debug|x86.Build.0 = Debug|Win32
		{00D63A96-28E6-4767-BC70-15CABBC6BE50}.Release|x64.ActiveCfg = Release|x64
		{00D63A96-28E6-4767-BC70-15CABBC6BE50}.Release|x64.Build.0 = Release|x64
		{00D63A96-28E6-4767-BC70-15CABBC6BE50}.Release|x86.ActiveCfg = Release|Win32
		{00D63A96-28E6-4767-BC70-15CABBC6BE50}.Release|x86.Build.0 = Release|Win32
		{349AD8BC-E4A9-451E-8342-C7973AD4FB9C}.Debug|x64.ActiveCfg = Debug|x64
		{349AD8BC-E4A9-451E-8342-C7973AD4FB9C}.Debug|x64.Build.0 = Debug|x64
		{349AD8BC-E4A9-451E-8342-C7973AD4FB9C}.Debug|x86.ActiveCfg = Debug|Win32
		{349AD8BC-E4A9-451E-8342-C7973AD4FB9C}.Debug|x86.Build.0 = Debug|Win32
		{349AD8BC-E4A9-451E-8342-C7973AD4FB9C}.Release|x64.ActiveCfg = Release|x64
		{349AD8BC-E4A9-451E-8342-C7973AD4FB9C}.Release|x64.Build.0 = Release|x64
		{349AD8BC-E4A9-451E-8342-C7973AD4FB9C}.Release|x86.ActiveCfg = Release|Win32
		{349AD8BC-E4A9-451E-8342-C7973AD4FB9C}.Release|x86.Build.0 = Release|Win32
		{9A5EF1C8-66B8-4684-86D1-2AA72085ED75}.Debug|x64.ActiveCfg = Debug|x64
		{9A5EF1C8-66B8-4684-86D1-2AA72085ED75}.Debug|x64.Build.0 = Debug|x64
		{9A5EF1C8-66B8-4684-86D1-2AA72085ED75}.Debug|x86.ActiveCfg = Debug|Win32
		{9A5EF1C8-66B8-4684-86D1-2AA72085ED75}.Debug|x86.Build.0 = Debug|Win32
		{9A5EF1C8-66B8-4684-86D1-2AA72085ED75}.Release|x64.ActiveCfg = Release|x64
		{9A5EF1C8-66B8-4684-86D1-2AA72085ED75}.Release|x64.Build.0 = Release|x64
		{9A5EF1C8-66B8-4684-86D1-2AA72085ED75}.Release|x86.ActiveCfg = Release|Win32
		{9A5EF1C8-66B8-4684-86D1-2AA72085ED75}.Release|x86.Build.0 = Release|Win32
	EndGlobalSection
	GlobalSection(SolutionProperties) = preSolution
		HideSolutionNode = FALSE
	EndGlobalSection
	GlobalSection(ExtensibilityGlobals) = postSolution
		SolutionGuid = {CB6B8828-806C-4AD0-A2BF-2E3251A02D99}
	EndGlobalSection
EndGlobal
