
Microsoft Visual Studio Solution File, Format Version 12.00
# Visual Studio 15
VisualStudioVersion = 15.0.27703.2047
MinimumVisualStudioVersion = 10.0.40219.1
Project("{8BC9CEB8-8B4A-11D0-8D11-00A0C91BC942}") = "Week08_Task01", "Week08_Task01\Week08_Task01.vcxproj", "{F01D288B-8D0A-4EC4-BE5A-5F5A4AA434D0}"
EndProject
Project("{8BC9CEB8-8B4A-11D0-8D11-00A0C91BC942}") = "Week08_Task02", "Week08_Task02\Week08_Task02.vcxproj", "{BA3EE129-CADF-487C-BF3C-6D6A2D87105A}"
EndProject
Project("{8BC9CEB8-8B4A-11D0-8D11-00A0C91BC942}") = "Week08_Task03", "Week08_Task03\Week08_Task03.vcxproj", "{05822E6E-67E8-49B9-867B-DB1D66471E97}"
EndProject
Project("{8BC9CEB8-8B4A-11D0-8D11-00A0C91BC942}") = "Week08_Task04", "Week08_Task04\Week08_Task04.vcxproj", "{AA0402F5-3961-4144-B03E-6D41179645AC}"
EndProject
Project("{8BC9CEB8-8B4A-11D0-8D11-00A0C91BC942}") = "Week09_Functions_Task01", "Week09_Functions_Task01\Week09_Functions_Task01.vcxproj", "{4CDFDE42-F025-4348-806B-9D614FDF5692}"
EndProject
Project("{8BC9CEB8-8B4A-11D0-8D11-00A0C91BC942}") = "Week09_Functions_Task02", "Week09_Functions_Task02\Week09_Functions_Task02.vcxproj", "{0382B98C-98CD-4B01-B17F-60F8BCAF8F1C}"
EndProject
Project("{8BC9CEB8-8B4A-11D0-8D11-00A0C91BC942}") = "Week09_Functions_Task03", "Week09_Functions_Task03\Week09_Functions_Task03.vcxproj", "{F57714BF-C795-42AF-B422-2D08ACC55D39}"
EndProject
Project("{8BC9CEB8-8B4A-11D0-8D11-00A0C91BC942}") = "Week09_Functions_Task04", "Week09_Functions_Task04\Week09_Functions_Task04.vcxproj", "{84F67928-3CF4-4368-9E33-2D493383AC96}"
EndProject
Project("{8BC9CEB8-8B4A-11D0-8D11-00A0C91BC942}") = "Week09_Functions_Task05", "Week09_Functions_Task05\Week09_Functions_Task05.vcxproj", "{12C4DA8D-B8F9-4A26-BD27-F97D32A3E5FB}"
EndProject
Project("{8BC9CEB8-8B4A-11D0-8D11-00A0C91BC942}") = "Week09_Pointers_Task01", "Week09_Pointers_Task01\Week09_Pointers_Task01.vcxproj", "{F317EF31-215E-49CE-887A-09E66CF33657}"
EndProject
Project("{8BC9CEB8-8B4A-11D0-8D11-00A0C91BC942}") = "Week09_Pointers_Task02", "Week09_Pointers_Task02\Week09_Pointers_Task02.vcxproj", "{6666D614-3419-4B24-B21C-6A5BEB5C0F3A}"
EndProject
Project("{8BC9CEB8-8B4A-11D0-8D11-00A0C91BC942}") = "Week09_Pointers_Task03", "Week09_Pointers_Task03\Week09_Pointers_Task03.vcxproj", "{CC3E0422-BAD6-4A59-8682-AE309BAF17F1}"
EndProject
Project("{8BC9CEB8-8B4A-11D0-8D11-00A0C91BC942}") = "Week09_Pointers_Task04", "Week09_Pointers_Task04\Week09_Pointers_Task04.vcxproj", "{A3AAFEAD-0EA1-4F13-B36C-AEC30F7BBC74}"
EndProject
Project("{8BC9CEB8-8B4A-11D0-8D11-00A0C91BC942}") = "Week09_Pointers_Task05", "Week09_Pointers_Task05\Week09_Pointers_Task05.vcxproj", "{4ED889CA-DF17-4AC1-B419-5FE0AC94417C}"
EndProject
Project("{8BC9CEB8-8B4A-11D0-8D11-00A0C91BC942}") = "Week09_Pointer_Task06", "Week09_Pointer_Task06\Week09_Pointer_Task06.vcxproj", "{5BA082CE-7DB8-4D2F-A780-F850DC172996}"
EndProject
Project("{8BC9CEB8-8B4A-11D0-8D11-00A0C91BC942}") = "Week09_Pointer_Task07", "Week09_Pointer_Task07\Week09_Pointer_Task07.vcxproj", "{4D1B9F69-6FCA-49D0-8C17-EB73F13E1180}"
EndProject
Project("{8BC9CEB8-8B4A-11D0-8D11-00A0C91BC942}") = "Week09_Pointer_Task08", "Week09_Pointer_Task08\Week09_Pointer_Task08.vcxproj", "{C936C694-E2F9-4BFE-B9A4-863FE6996B17}"
EndProject
Global
	GlobalSection(SolutionConfigurationPlatforms) = preSolution
		Debug|x64 = Debug|x64
		Debug|x86 = Debug|x86
		Release|x64 = Release|x64
		Release|x86 = Release|x86
	EndGlobalSection
	GlobalSection(ProjectConfigurationPlatforms) = postSolution
		{F01D288B-8D0A-4EC4-BE5A-5F5A4AA434D0}.Debug|x64.ActiveCfg = Debug|x64
		{F01D288B-8D0A-4EC4-BE5A-5F5A4AA434D0}.Debug|x64.Build.0 = Debug|x64
		{F01D288B-8D0A-4EC4-BE5A-5F5A4AA434D0}.Debug|x86.ActiveCfg = Debug|Win32
		{F01D288B-8D0A-4EC4-BE5A-5F5A4AA434D0}.Debug|x86.Build.0 = Debug|Win32
		{F01D288B-8D0A-4EC4-BE5A-5F5A4AA434D0}.Release|x64.ActiveCfg = Release|x64
		{F01D288B-8D0A-4EC4-BE5A-5F5A4AA434D0}.Release|x64.Build.0 = Release|x64
		{F01D288B-8D0A-4EC4-BE5A-5F5A4AA434D0}.Release|x86.ActiveCfg = Release|Win32
		{F01D288B-8D0A-4EC4-BE5A-5F5A4AA434D0}.Release|x86.Build.0 = Release|Win32
		{BA3EE129-CADF-487C-BF3C-6D6A2D87105A}.Debug|x64.ActiveCfg = Debug|x64
		{BA3EE129-CADF-487C-BF3C-6D6A2D87105A}.Debug|x64.Build.0 = Debug|x64
		{BA3EE129-CADF-487C-BF3C-6D6A2D87105A}.Debug|x86.ActiveCfg = Debug|Win32
		{BA3EE129-CADF-487C-BF3C-6D6A2D87105A}.Debug|x86.Build.0 = Debug|Win32
		{BA3EE129-CADF-487C-BF3C-6D6A2D87105A}.Release|x64.ActiveCfg = Release|x64
		{BA3EE129-CADF-487C-BF3C-6D6A2D87105A}.Release|x64.Build.0 = Release|x64
		{BA3EE129-CADF-487C-BF3C-6D6A2D87105A}.Release|x86.ActiveCfg = Release|Win32
		{BA3EE129-CADF-487C-BF3C-6D6A2D87105A}.Release|x86.Build.0 = Release|Win32
		{05822E6E-67E8-49B9-867B-DB1D66471E97}.Debug|x64.ActiveCfg = Debug|x64
		{05822E6E-67E8-49B9-867B-DB1D66471E97}.Debug|x64.Build.0 = Debug|x64
		{05822E6E-67E8-49B9-867B-DB1D66471E97}.Debug|x86.ActiveCfg = Debug|Win32
		{05822E6E-67E8-49B9-867B-DB1D66471E97}.Debug|x86.Build.0 = Debug|Win32
		{05822E6E-67E8-49B9-867B-DB1D66471E97}.Release|x64.ActiveCfg = Release|x64
		{05822E6E-67E8-49B9-867B-DB1D66471E97}.Release|x64.Build.0 = Release|x64
		{05822E6E-67E8-49B9-867B-DB1D66471E97}.Release|x86.ActiveCfg = Release|Win32
		{05822E6E-67E8-49B9-867B-DB1D66471E97}.Release|x86.Build.0 = Release|Win32
		{AA0402F5-3961-4144-B03E-6D41179645AC}.Debug|x64.ActiveCfg = Debug|x64
		{AA0402F5-3961-4144-B03E-6D41179645AC}.Debug|x64.Build.0 = Debug|x64
		{AA0402F5-3961-4144-B03E-6D41179645AC}.Debug|x86.ActiveCfg = Debug|Win32
		{AA0402F5-3961-4144-B03E-6D41179645AC}.Debug|x86.Build.0 = Debug|Win32
		{AA0402F5-3961-4144-B03E-6D41179645AC}.Release|x64.ActiveCfg = Release|x64
		{AA0402F5-3961-4144-B03E-6D41179645AC}.Release|x64.Build.0 = Release|x64
		{AA0402F5-3961-4144-B03E-6D41179645AC}.Release|x86.ActiveCfg = Release|Win32
		{AA0402F5-3961-4144-B03E-6D41179645AC}.Release|x86.Build.0 = Release|Win32
		{4CDFDE42-F025-4348-806B-9D614FDF5692}.Debug|x64.ActiveCfg = Debug|x64
		{4CDFDE42-F025-4348-806B-9D614FDF5692}.Debug|x64.Build.0 = Debug|x64
		{4CDFDE42-F025-4348-806B-9D614FDF5692}.Debug|x86.ActiveCfg = Debug|Win32
		{4CDFDE42-F025-4348-806B-9D614FDF5692}.Debug|x86.Build.0 = Debug|Win32
		{4CDFDE42-F025-4348-806B-9D614FDF5692}.Release|x64.ActiveCfg = Release|x64
		{4CDFDE42-F025-4348-806B-9D614FDF5692}.Release|x64.Build.0 = Release|x64
		{4CDFDE42-F025-4348-806B-9D614FDF5692}.Release|x86.ActiveCfg = Release|Win32
		{4CDFDE42-F025-4348-806B-9D614FDF5692}.Release|x86.Build.0 = Release|Win32
		{0382B98C-98CD-4B01-B17F-60F8BCAF8F1C}.Debug|x64.ActiveCfg = Debug|x64
		{0382B98C-98CD-4B01-B17F-60F8BCAF8F1C}.Debug|x64.Build.0 = Debug|x64
		{0382B98C-98CD-4B01-B17F-60F8BCAF8F1C}.Debug|x86.ActiveCfg = Debug|Win32
		{0382B98C-98CD-4B01-B17F-60F8BCAF8F1C}.Debug|x86.Build.0 = Debug|Win32
		{0382B98C-98CD-4B01-B17F-60F8BCAF8F1C}.Release|x64.ActiveCfg = Release|x64
		{0382B98C-98CD-4B01-B17F-60F8BCAF8F1C}.Release|x64.Build.0 = Release|x64
		{0382B98C-98CD-4B01-B17F-60F8BCAF8F1C}.Release|x86.ActiveCfg = Release|Win32
		{0382B98C-98CD-4B01-B17F-60F8BCAF8F1C}.Release|x86.Build.0 = Release|Win32
		{F57714BF-C795-42AF-B422-2D08ACC55D39}.Debug|x64.ActiveCfg = Debug|x64
		{F57714BF-C795-42AF-B422-2D08ACC55D39}.Debug|x64.Build.0 = Debug|x64
		{F57714BF-C795-42AF-B422-2D08ACC55D39}.Debug|x86.ActiveCfg = Debug|Win32
		{F57714BF-C795-42AF-B422-2D08ACC55D39}.Debug|x86.Build.0 = Debug|Win32
		{F57714BF-C795-42AF-B422-2D08ACC55D39}.Release|x64.ActiveCfg = Release|x64
		{F57714BF-C795-42AF-B422-2D08ACC55D39}.Release|x64.Build.0 = Release|x64
		{F57714BF-C795-42AF-B422-2D08ACC55D39}.Release|x86.ActiveCfg = Release|Win32
		{F57714BF-C795-42AF-B422-2D08ACC55D39}.Release|x86.Build.0 = Release|Win32
		{84F67928-3CF4-4368-9E33-2D493383AC96}.Debug|x64.ActiveCfg = Debug|x64
		{84F67928-3CF4-4368-9E33-2D493383AC96}.Debug|x64.Build.0 = Debug|x64
		{84F67928-3CF4-4368-9E33-2D493383AC96}.Debug|x86.ActiveCfg = Debug|Win32
		{84F67928-3CF4-4368-9E33-2D493383AC96}.Debug|x86.Build.0 = Debug|Win32
		{84F67928-3CF4-4368-9E33-2D493383AC96}.Release|x64.ActiveCfg = Release|x64
		{84F67928-3CF4-4368-9E33-2D493383AC96}.Release|x64.Build.0 = Release|x64
		{84F67928-3CF4-4368-9E33-2D493383AC96}.Release|x86.ActiveCfg = Release|Win32
		{84F67928-3CF4-4368-9E33-2D493383AC96}.Release|x86.Build.0 = Release|Win32
		{12C4DA8D-B8F9-4A26-BD27-F97D32A3E5FB}.Debug|x64.ActiveCfg = Debug|x64
		{12C4DA8D-B8F9-4A26-BD27-F97D32A3E5FB}.Debug|x64.Build.0 = Debug|x64
		{12C4DA8D-B8F9-4A26-BD27-F97D32A3E5FB}.Debug|x86.ActiveCfg = Debug|Win32
		{12C4DA8D-B8F9-4A26-BD27-F97D32A3E5FB}.Debug|x86.Build.0 = Debug|Win32
		{12C4DA8D-B8F9-4A26-BD27-F97D32A3E5FB}.Release|x64.ActiveCfg = Release|x64
		{12C4DA8D-B8F9-4A26-BD27-F97D32A3E5FB}.Release|x64.Build.0 = Release|x64
		{12C4DA8D-B8F9-4A26-BD27-F97D32A3E5FB}.Release|x86.ActiveCfg = Release|Win32
		{12C4DA8D-B8F9-4A26-BD27-F97D32A3E5FB}.Release|x86.Build.0 = Release|Win32
		{F317EF31-215E-49CE-887A-09E66CF33657}.Debug|x64.ActiveCfg = Debug|x64
		{F317EF31-215E-49CE-887A-09E66CF33657}.Debug|x64.Build.0 = Debug|x64
		{F317EF31-215E-49CE-887A-09E66CF33657}.Debug|x86.ActiveCfg = Debug|Win32
		{F317EF31-215E-49CE-887A-09E66CF33657}.Debug|x86.Build.0 = Debug|Win32
		{F317EF31-215E-49CE-887A-09E66CF33657}.Release|x64.ActiveCfg = Release|x64
		{F317EF31-215E-49CE-887A-09E66CF33657}.Release|x64.Build.0 = Release|x64
		{F317EF31-215E-49CE-887A-09E66CF33657}.Release|x86.ActiveCfg = Release|Win32
		{F317EF31-215E-49CE-887A-09E66CF33657}.Release|x86.Build.0 = Release|Win32
		{6666D614-3419-4B24-B21C-6A5BEB5C0F3A}.Debug|x64.ActiveCfg = Debug|x64
		{6666D614-3419-4B24-B21C-6A5BEB5C0F3A}.Debug|x64.Build.0 = Debug|x64
		{6666D614-3419-4B24-B21C-6A5BEB5C0F3A}.Debug|x86.ActiveCfg = Debug|Win32
		{6666D614-3419-4B24-B21C-6A5BEB5C0F3A}.Debug|x86.Build.0 = Debug|Win32
		{6666D614-3419-4B24-B21C-6A5BEB5C0F3A}.Release|x64.ActiveCfg = Release|x64
		{6666D614-3419-4B24-B21C-6A5BEB5C0F3A}.Release|x64.Build.0 = Release|x64
		{6666D614-3419-4B24-B21C-6A5BEB5C0F3A}.Release|x86.ActiveCfg = Release|Win32
		{6666D614-3419-4B24-B21C-6A5BEB5C0F3A}.Release|x86.Build.0 = Release|Win32
		{CC3E0422-BAD6-4A59-8682-AE309BAF17F1}.Debug|x64.ActiveCfg = Debug|x64
		{CC3E0422-BAD6-4A59-8682-AE309BAF17F1}.Debug|x64.Build.0 = Debug|x64
		{CC3E0422-BAD6-4A59-8682-AE309BAF17F1}.Debug|x86.ActiveCfg = Debug|Win32
		{CC3E0422-BAD6-4A59-8682-AE309BAF17F1}.Debug|x86.Build.0 = Debug|Win32
		{CC3E0422-BAD6-4A59-8682-AE309BAF17F1}.Release|x64.ActiveCfg = Release|x64
		{CC3E0422-BAD6-4A59-8682-AE309BAF17F1}.Release|x64.Build.0 = Release|x64
		{CC3E0422-BAD6-4A59-8682-AE309BAF17F1}.Release|x86.ActiveCfg = Release|Win32
		{CC3E0422-BAD6-4A59-8682-AE309BAF17F1}.Release|x86.Build.0 = Release|Win32
		{A3AAFEAD-0EA1-4F13-B36C-AEC30F7BBC74}.Debug|x64.ActiveCfg = Debug|x64
		{A3AAFEAD-0EA1-4F13-B36C-AEC30F7BBC74}.Debug|x64.Build.0 = Debug|x64
		{A3AAFEAD-0EA1-4F13-B36C-AEC30F7BBC74}.Debug|x86.ActiveCfg = Debug|Win32
		{A3AAFEAD-0EA1-4F13-B36C-AEC30F7BBC74}.Debug|x86.Build.0 = Debug|Win32
		{A3AAFEAD-0EA1-4F13-B36C-AEC30F7BBC74}.Release|x64.ActiveCfg = Release|x64
		{A3AAFEAD-0EA1-4F13-B36C-AEC30F7BBC74}.Release|x64.Build.0 = Release|x64
		{A3AAFEAD-0EA1-4F13-B36C-AEC30F7BBC74}.Release|x86.ActiveCfg = Release|Win32
		{A3AAFEAD-0EA1-4F13-B36C-AEC30F7BBC74}.Release|x86.Build.0 = Release|Win32
		{4ED889CA-DF17-4AC1-B419-5FE0AC94417C}.Debug|x64.ActiveCfg = Debug|x64
		{4ED889CA-DF17-4AC1-B419-5FE0AC94417C}.Debug|x64.Build.0 = Debug|x64
		{4ED889CA-DF17-4AC1-B419-5FE0AC94417C}.Debug|x86.ActiveCfg = Debug|Win32
		{4ED889CA-DF17-4AC1-B419-5FE0AC94417C}.Debug|x86.Build.0 = Debug|Win32
		{4ED889CA-DF17-4AC1-B419-5FE0AC94417C}.Release|x64.ActiveCfg = Release|x64
		{4ED889CA-DF17-4AC1-B419-5FE0AC94417C}.Release|x64.Build.0 = Release|x64
		{4ED889CA-DF17-4AC1-B419-5FE0AC94417C}.Release|x86.ActiveCfg = Release|Win32
		{4ED889CA-DF17-4AC1-B419-5FE0AC94417C}.Release|x86.Build.0 = Release|Win32
		{5BA082CE-7DB8-4D2F-A780-F850DC172996}.Debug|x64.ActiveCfg = Debug|x64
		{5BA082CE-7DB8-4D2F-A780-F850DC172996}.Debug|x64.Build.0 = Debug|x64
		{5BA082CE-7DB8-4D2F-A780-F850DC172996}.Debug|x86.ActiveCfg = Debug|Win32
		{5BA082CE-7DB8-4D2F-A780-F850DC172996}.Debug|x86.Build.0 = Debug|Win32
		{5BA082CE-7DB8-4D2F-A780-F850DC172996}.Release|x64.ActiveCfg = Release|x64
		{5BA082CE-7DB8-4D2F-A780-F850DC172996}.Release|x64.Build.0 = Release|x64
		{5BA082CE-7DB8-4D2F-A780-F850DC172996}.Release|x86.ActiveCfg = Release|Win32
		{5BA082CE-7DB8-4D2F-A780-F850DC172996}.Release|x86.Build.0 = Release|Win32
		{4D1B9F69-6FCA-49D0-8C17-EB73F13E1180}.Debug|x64.ActiveCfg = Debug|x64
		{4D1B9F69-6FCA-49D0-8C17-EB73F13E1180}.Debug|x64.Build.0 = Debug|x64
		{4D1B9F69-6FCA-49D0-8C17-EB73F13E1180}.Debug|x86.ActiveCfg = Debug|Win32
		{4D1B9F69-6FCA-49D0-8C17-EB73F13E1180}.Debug|x86.Build.0 = Debug|Win32
		{4D1B9F69-6FCA-49D0-8C17-EB73F13E1180}.Release|x64.ActiveCfg = Release|x64
		{4D1B9F69-6FCA-49D0-8C17-EB73F13E1180}.Release|x64.Build.0 = Release|x64
		{4D1B9F69-6FCA-49D0-8C17-EB73F13E1180}.Release|x86.ActiveCfg = Release|Win32
		{4D1B9F69-6FCA-49D0-8C17-EB73F13E1180}.Release|x86.Build.0 = Release|Win32
		{C936C694-E2F9-4BFE-B9A4-863FE6996B17}.Debug|x64.ActiveCfg = Debug|x64
		{C936C694-E2F9-4BFE-B9A4-863FE6996B17}.Debug|x64.Build.0 = Debug|x64
		{C936C694-E2F9-4BFE-B9A4-863FE6996B17}.Debug|x86.ActiveCfg = Debug|Win32
		{C936C694-E2F9-4BFE-B9A4-863FE6996B17}.Debug|x86.Build.0 = Debug|Win32
		{C936C694-E2F9-4BFE-B9A4-863FE6996B17}.Release|x64.ActiveCfg = Release|x64
		{C936C694-E2F9-4BFE-B9A4-863FE6996B17}.Release|x64.Build.0 = Release|x64
		{C936C694-E2F9-4BFE-B9A4-863FE6996B17}.Release|x86.ActiveCfg = Release|Win32
		{C936C694-E2F9-4BFE-B9A4-863FE6996B17}.Release|x86.Build.0 = Release|Win32
	EndGlobalSection
	GlobalSection(SolutionProperties) = preSolution
		HideSolutionNode = FALSE
	EndGlobalSection
	GlobalSection(ExtensibilityGlobals) = postSolution
		SolutionGuid = {A3DEAE3C-5474-40C2-B154-19F3CCCB4209}
	EndGlobalSection
EndGlobal
