
Microsoft Visual Studio Solution File, Format Version 12.00
# Visual Studio 15
VisualStudioVersion = 15.0.27703.2047
MinimumVisualStudioVersion = 10.0.40219.1
Project("{8BC9CEB8-8B4A-11D0-8D11-00A0C91BC942}") = "Task01", "Task01\Task01.vcxproj", "{F4557049-D505-4B8E-BAD1-9A580F9C48A3}"
EndProject
Project("{8BC9CEB8-8B4A-11D0-8D11-00A0C91BC942}") = "Task02", "Task02\Task02.vcxproj", "{B0ADF073-574F-4D28-85BD-C80DF8D60BC0}"
EndProject
Project("{8BC9CEB8-8B4A-11D0-8D11-00A0C91BC942}") = "Task03", "Task03\Task03.vcxproj", "{C1B08BBE-5525-467F-B55F-73CDD599ED10}"
EndProject
Project("{8BC9CEB8-8B4A-11D0-8D11-00A0C91BC942}") = "Task04", "Task04\Task04.vcxproj", "{47586854-712C-48A5-B9F5-74E6BE5D4BDD}"
EndProject
Project("{8BC9CEB8-8B4A-11D0-8D11-00A0C91BC942}") = "Task05", "Task05\Task05.vcxproj", "{2E565350-FD49-4E43-95D7-0DE76D61B3F9}"
EndProject
Project("{8BC9CEB8-8B4A-11D0-8D11-00A0C91BC942}") = "Task06", "Task06\Task06.vcxproj", "{1CDA7455-8C20-476D-9475-4407A95B0AAF}"
EndProject
Project("{8BC9CEB8-8B4A-11D0-8D11-00A0C91BC942}") = "Task07", "Task07\Task07.vcxproj", "{1A41AF77-96CC-47B2-8562-194C3AE3F2C3}"
EndProject
Project("{8BC9CEB8-8B4A-11D0-8D11-00A0C91BC942}") = "Task08", "Task08\Task08.vcxproj", "{7FA89D27-221B-44F4-9E1C-D72774BCA417}"
EndProject
Project("{8BC9CEB8-8B4A-11D0-8D11-00A0C91BC942}") = "Task09", "Task09\Task09.vcxproj", "{EF389D80-EEE4-4557-95BA-95A7D4F9FBD5}"
EndProject
Project("{8BC9CEB8-8B4A-11D0-8D11-00A0C91BC942}") = "Task10", "Task10\Task10.vcxproj", "{2161C226-D19C-4A99-B0F5-CB5417384266}"
EndProject
Project("{8BC9CEB8-8B4A-11D0-8D11-00A0C91BC942}") = "Task11", "Task11\Task11.vcxproj", "{C009338D-D218-4BF8-9BE8-4B59F21B8A3D}"
EndProject
Project("{8BC9CEB8-8B4A-11D0-8D11-00A0C91BC942}") = "Task12", "Task12\Task12.vcxproj", "{E755A0CB-7C18-4CB1-BB01-80597F81F7AD}"
EndProject
Global
	GlobalSection(SolutionConfigurationPlatforms) = preSolution
		Debug|x64 = Debug|x64
		Debug|x86 = Debug|x86
		Release|x64 = Release|x64
		Release|x86 = Release|x86
	EndGlobalSection
	GlobalSection(ProjectConfigurationPlatforms) = postSolution
		{F4557049-D505-4B8E-BAD1-9A580F9C48A3}.Debug|x64.ActiveCfg = Debug|x64
		{F4557049-D505-4B8E-BAD1-9A580F9C48A3}.Debug|x64.Build.0 = Debug|x64
		{F4557049-D505-4B8E-BAD1-9A580F9C48A3}.Debug|x86.ActiveCfg = Debug|Win32
		{F4557049-D505-4B8E-BAD1-9A580F9C48A3}.Debug|x86.Build.0 = Debug|Win32
		{F4557049-D505-4B8E-BAD1-9A580F9C48A3}.Release|x64.ActiveCfg = Release|x64
		{F4557049-D505-4B8E-BAD1-9A580F9C48A3}.Release|x64.Build.0 = Release|x64
		{F4557049-D505-4B8E-BAD1-9A580F9C48A3}.Release|x86.ActiveCfg = Release|Win32
		{F4557049-D505-4B8E-BAD1-9A580F9C48A3}.Release|x86.Build.0 = Release|Win32
		{B0ADF073-574F-4D28-85BD-C80DF8D60BC0}.Debug|x64.ActiveCfg = Debug|x64
		{B0ADF073-574F-4D28-85BD-C80DF8D60BC0}.Debug|x64.Build.0 = Debug|x64
		{B0ADF073-574F-4D28-85BD-C80DF8D60BC0}.Debug|x86.ActiveCfg = Debug|Win32
		{B0ADF073-574F-4D28-85BD-C80DF8D60BC0}.Debug|x86.Build.0 = Debug|Win32
		{B0ADF073-574F-4D28-85BD-C80DF8D60BC0}.Release|x64.ActiveCfg = Release|x64
		{B0ADF073-574F-4D28-85BD-C80DF8D60BC0}.Release|x64.Build.0 = Release|x64
		{B0ADF073-574F-4D28-85BD-C80DF8D60BC0}.Release|x86.ActiveCfg = Release|Win32
		{B0ADF073-574F-4D28-85BD-C80DF8D60BC0}.Release|x86.Build.0 = Release|Win32
		{C1B08BBE-5525-467F-B55F-73CDD599ED10}.Debug|x64.ActiveCfg = Debug|x64
		{C1B08BBE-5525-467F-B55F-73CDD599ED10}.Debug|x64.Build.0 = Debug|x64
		{C1B08BBE-5525-467F-B55F-73CDD599ED10}.Debug|x86.ActiveCfg = Debug|Win32
		{C1B08BBE-5525-467F-B55F-73CDD599ED10}.Debug|x86.Build.0 = Debug|Win32
		{C1B08BBE-5525-467F-B55F-73CDD599ED10}.Release|x64.ActiveCfg = Release|x64
		{C1B08BBE-5525-467F-B55F-73CDD599ED10}.Release|x64.Build.0 = Release|x64
		{C1B08BBE-5525-467F-B55F-73CDD599ED10}.Release|x86.ActiveCfg = Release|Win32
		{C1B08BBE-5525-467F-B55F-73CDD599ED10}.Release|x86.Build.0 = Release|Win32
		{47586854-712C-48A5-B9F5-74E6BE5D4BDD}.Debug|x64.ActiveCfg = Debug|x64
		{47586854-712C-48A5-B9F5-74E6BE5D4BDD}.Debug|x64.Build.0 = Debug|x64
		{47586854-712C-48A5-B9F5-74E6BE5D4BDD}.Debug|x86.ActiveCfg = Debug|Win32
		{47586854-712C-48A5-B9F5-74E6BE5D4BDD}.Debug|x86.Build.0 = Debug|Win32
		{47586854-712C-48A5-B9F5-74E6BE5D4BDD}.Release|x64.ActiveCfg = Release|x64
		{47586854-712C-48A5-B9F5-74E6BE5D4BDD}.Release|x64.Build.0 = Release|x64
		{47586854-712C-48A5-B9F5-74E6BE5D4BDD}.Release|x86.ActiveCfg = Release|Win32
		{47586854-712C-48A5-B9F5-74E6BE5D4BDD}.Release|x86.Build.0 = Release|Win32
		{2E565350-FD49-4E43-95D7-0DE76D61B3F9}.Debug|x64.ActiveCfg = Debug|x64
		{2E565350-FD49-4E43-95D7-0DE76D61B3F9}.Debug|x64.Build.0 = Debug|x64
		{2E565350-FD49-4E43-95D7-0DE76D61B3F9}.Debug|x86.ActiveCfg = Debug|Win32
		{2E565350-FD49-4E43-95D7-0DE76D61B3F9}.Debug|x86.Build.0 = Debug|Win32
		{2E565350-FD49-4E43-95D7-0DE76D61B3F9}.Release|x64.ActiveCfg = Release|x64
		{2E565350-FD49-4E43-95D7-0DE76D61B3F9}.Release|x64.Build.0 = Release|x64
		{2E565350-FD49-4E43-95D7-0DE76D61B3F9}.Release|x86.ActiveCfg = Release|Win32
		{2E565350-FD49-4E43-95D7-0DE76D61B3F9}.Release|x86.Build.0 = Release|Win32
		{1CDA7455-8C20-476D-9475-4407A95B0AAF}.Debug|x64.ActiveCfg = Debug|x64
		{1CDA7455-8C20-476D-9475-4407A95B0AAF}.Debug|x64.Build.0 = Debug|x64
		{1CDA7455-8C20-476D-9475-4407A95B0AAF}.Debug|x86.ActiveCfg = Debug|Win32
		{1CDA7455-8C20-476D-9475-4407A95B0AAF}.Debug|x86.Build.0 = Debug|Win32
		{1CDA7455-8C20-476D-9475-4407A95B0AAF}.Release|x64.ActiveCfg = Release|x64
		{1CDA7455-8C20-476D-9475-4407A95B0AAF}.Release|x64.Build.0 = Release|x64
		{1CDA7455-8C20-476D-9475-4407A95B0AAF}.Release|x86.ActiveCfg = Release|Win32
		{1CDA7455-8C20-476D-9475-4407A95B0AAF}.Release|x86.Build.0 = Release|Win32
		{1A41AF77-96CC-47B2-8562-194C3AE3F2C3}.Debug|x64.ActiveCfg = Debug|x64
		{1A41AF77-96CC-47B2-8562-194C3AE3F2C3}.Debug|x64.Build.0 = Debug|x64
		{1A41AF77-96CC-47B2-8562-194C3AE3F2C3}.Debug|x86.ActiveCfg = Debug|Win32
		{1A41AF77-96CC-47B2-8562-194C3AE3F2C3}.Debug|x86.Build.0 = Debug|Win32
		{1A41AF77-96CC-47B2-8562-194C3AE3F2C3}.Release|x64.ActiveCfg = Release|x64
		{1A41AF77-96CC-47B2-8562-194C3AE3F2C3}.Release|x64.Build.0 = Release|x64
		{1A41AF77-96CC-47B2-8562-194C3AE3F2C3}.Release|x86.ActiveCfg = Release|Win32
		{1A41AF77-96CC-47B2-8562-194C3AE3F2C3}.Release|x86.Build.0 = Release|Win32
		{7FA89D27-221B-44F4-9E1C-D72774BCA417}.Debug|x64.ActiveCfg = Debug|x64
		{7FA89D27-221B-44F4-9E1C-D72774BCA417}.Debug|x64.Build.0 = Debug|x64
		{7FA89D27-221B-44F4-9E1C-D72774BCA417}.Debug|x86.ActiveCfg = Debug|Win32
		{7FA89D27-221B-44F4-9E1C-D72774BCA417}.Debug|x86.Build.0 = Debug|Win32
		{7FA89D27-221B-44F4-9E1C-D72774BCA417}.Release|x64.ActiveCfg = Release|x64
		{7FA89D27-221B-44F4-9E1C-D72774BCA417}.Release|x64.Build.0 = Release|x64
		{7FA89D27-221B-44F4-9E1C-D72774BCA417}.Release|x86.ActiveCfg = Release|Win32
		{7FA89D27-221B-44F4-9E1C-D72774BCA417}.Release|x86.Build.0 = Release|Win32
		{EF389D80-EEE4-4557-95BA-95A7D4F9FBD5}.Debug|x64.ActiveCfg = Debug|x64
		{EF389D80-EEE4-4557-95BA-95A7D4F9FBD5}.Debug|x64.Build.0 = Debug|x64
		{EF389D80-EEE4-4557-95BA-95A7D4F9FBD5}.Debug|x86.ActiveCfg = Debug|Win32
		{EF389D80-EEE4-4557-95BA-95A7D4F9FBD5}.Debug|x86.Build.0 = Debug|Win32
		{EF389D80-EEE4-4557-95BA-95A7D4F9FBD5}.Release|x64.ActiveCfg = Release|x64
		{EF389D80-EEE4-4557-95BA-95A7D4F9FBD5}.Release|x64.Build.0 = Release|x64
		{EF389D80-EEE4-4557-95BA-95A7D4F9FBD5}.Release|x86.ActiveCfg = Release|Win32
		{EF389D80-EEE4-4557-95BA-95A7D4F9FBD5}.Release|x86.Build.0 = Release|Win32
		{2161C226-D19C-4A99-B0F5-CB5417384266}.Debug|x64.ActiveCfg = Debug|x64
		{2161C226-D19C-4A99-B0F5-CB5417384266}.Debug|x64.Build.0 = Debug|x64
		{2161C226-D19C-4A99-B0F5-CB5417384266}.Debug|x86.ActiveCfg = Debug|Win32
		{2161C226-D19C-4A99-B0F5-CB5417384266}.Debug|x86.Build.0 = Debug|Win32
		{2161C226-D19C-4A99-B0F5-CB5417384266}.Release|x64.ActiveCfg = Release|x64
		{2161C226-D19C-4A99-B0F5-CB5417384266}.Release|x64.Build.0 = Release|x64
		{2161C226-D19C-4A99-B0F5-CB5417384266}.Release|x86.ActiveCfg = Release|Win32
		{2161C226-D19C-4A99-B0F5-CB5417384266}.Release|x86.Build.0 = Release|Win32
		{C009338D-D218-4BF8-9BE8-4B59F21B8A3D}.Debug|x64.ActiveCfg = Debug|x64
		{C009338D-D218-4BF8-9BE8-4B59F21B8A3D}.Debug|x64.Build.0 = Debug|x64
		{C009338D-D218-4BF8-9BE8-4B59F21B8A3D}.Debug|x86.ActiveCfg = Debug|Win32
		{C009338D-D218-4BF8-9BE8-4B59F21B8A3D}.Debug|x86.Build.0 = Debug|Win32
		{C009338D-D218-4BF8-9BE8-4B59F21B8A3D}.Release|x64.ActiveCfg = Release|x64
		{C009338D-D218-4BF8-9BE8-4B59F21B8A3D}.Release|x64.Build.0 = Release|x64
		{C009338D-D218-4BF8-9BE8-4B59F21B8A3D}.Release|x86.ActiveCfg = Release|Win32
		{C009338D-D218-4BF8-9BE8-4B59F21B8A3D}.Release|x86.Build.0 = Release|Win32
		{E755A0CB-7C18-4CB1-BB01-80597F81F7AD}.Debug|x64.ActiveCfg = Debug|x64
		{E755A0CB-7C18-4CB1-BB01-80597F81F7AD}.Debug|x64.Build.0 = Debug|x64
		{E755A0CB-7C18-4CB1-BB01-80597F81F7AD}.Debug|x86.ActiveCfg = Debug|Win32
		{E755A0CB-7C18-4CB1-BB01-80597F81F7AD}.Debug|x86.Build.0 = Debug|Win32
		{E755A0CB-7C18-4CB1-BB01-80597F81F7AD}.Release|x64.ActiveCfg = Release|x64
		{E755A0CB-7C18-4CB1-BB01-80597F81F7AD}.Release|x64.Build.0 = Release|x64
		{E755A0CB-7C18-4CB1-BB01-80597F81F7AD}.Release|x86.ActiveCfg = Release|Win32
		{E755A0CB-7C18-4CB1-BB01-80597F81F7AD}.Release|x86.Build.0 = Release|Win32
	EndGlobalSection
	GlobalSection(SolutionProperties) = preSolution
		HideSolutionNode = FALSE
	EndGlobalSection
	GlobalSection(ExtensibilityGlobals) = postSolution
		SolutionGuid = {4858DD26-98B2-4355-B3F9-4B9E4C149326}
	EndGlobalSection
EndGlobal
